
Microsoft Visual Studio Solution File, Format Version 12.00
# Visual Studio Version 16
VisualStudioVersion = 16.0.29519.181
MinimumVisualStudioVersion = 10.0.40219.1
Project("{FAE04EC0-301F-11D3-BF4B-00C04F79EFBC}") = "PFerramentas", "PFerramentas\PFerramentas.csproj", "{047C5096-468E-4D88-828D-FEEF161EE26C}"
EndProject
Global
	GlobalSection(SolutionConfigurationPlatforms) = preSolution
		Debug|Any CPU = Debug|Any CPU
		Release|Any CPU = Release|Any CPU
	EndGlobalSection
	GlobalSection(ProjectConfigurationPlatforms) = postSolution
		{047C5096-468E-4D88-828D-FEEF161EE26C}.Debug|Any CPU.ActiveCfg = Debug|Any CPU
		{047C5096-468E-4D88-828D-FEEF161EE26C}.Debug|Any CPU.Build.0 = Debug|Any CPU
		{047C5096-468E-4D88-828D-FEEF161EE26C}.Release|Any CPU.ActiveCfg = Release|Any CPU
		{047C5096-468E-4D88-828D-FEEF161EE26C}.Release|Any CPU.Build.0 = Release|Any CPU
	EndGlobalSection
	GlobalSection(SolutionProperties) = preSolution
		HideSolutionNode = FALSE
	EndGlobalSection
	GlobalSection(ExtensibilityGlobals) = postSolution
		SolutionGuid = {90620CA3-B843-476C-9053-6A1A67803E72}
	EndGlobalSection
EndGlobal
