
Microsoft Visual Studio Solution File, Format Version 12.00
# Visual Studio Version 17
VisualStudioVersion = 17.0.32126.317
MinimumVisualStudioVersion = 10.0.40219.1
Project("{FAE04EC0-301F-11D3-BF4B-00C04F79EFBC}") = "PVolumeN1", "PVolumeN1\PVolumeN1.csproj", "{1DB62E31-B7F5-4FE0-BEB1-AAF9FEB6E6DA}"
EndProject
Global
	GlobalSection(SolutionConfigurationPlatforms) = preSolution
		Debug|Any CPU = Debug|Any CPU
		Release|Any CPU = Release|Any CPU
	EndGlobalSection
	GlobalSection(ProjectConfigurationPlatforms) = postSolution
		{1DB62E31-B7F5-4FE0-BEB1-AAF9FEB6E6DA}.Debug|Any CPU.ActiveCfg = Debug|Any CPU
		{1DB62E31-B7F5-4FE0-BEB1-AAF9FEB6E6DA}.Debug|Any CPU.Build.0 = Debug|Any CPU
		{1DB62E31-B7F5-4FE0-BEB1-AAF9FEB6E6DA}.Release|Any CPU.ActiveCfg = Release|Any CPU
		{1DB62E31-B7F5-4FE0-BEB1-AAF9FEB6E6DA}.Release|Any CPU.Build.0 = Release|Any CPU
	EndGlobalSection
	GlobalSection(SolutionProperties) = preSolution
		HideSolutionNode = FALSE
	EndGlobalSection
	GlobalSection(ExtensibilityGlobals) = postSolution
		SolutionGuid = {3367EA80-C82A-47F4-AFF1-04F224546798}
	EndGlobalSection
EndGlobal
